Microsoft Visual Studio Solution File, Format Version 12.00
# Visual Studio Version 17
VisualStudioVersion = 17.5.2.0
MinimumVisualStudioVersion = 10.0.40219.1
Project("{2150E333-8FDC-42A3-9474-1A3956D46DE8}") = "projects", "projects", "{17245595-230B-9055-A944-863F0DDDA8E8}"
EndProject
Project("{2150E333-8FDC-42A3-9474-1A3956D46DE8}") = "QuenChing-Mod-Client", "QuenChing-Mod-Client", "{D4B91280-60A9-00B3-8860-CF941B9BE4A2}"
EndProject
Project("{2150E333-8FDC-42A3-9474-1A3956D46DE8}") = "assets", "assets", "{2C88F85E-6A2F-C2D6-63E2-CEA5DD11A61B}"
EndProject
Project("{FAE04EC0-301F-11D3-BF4B-00C04F79EFBC}") = "QuenchingModCN", "projects\QuenChing-Mod-Client\assets\quenching\QuenchingModCN.csproj", "{78ADAF79-9261-DC63-64ED-89293561AFFE}"
EndProject
Project("{2150E333-8FDC-42A3-9474-1A3956D46DE8}") = "dist", "dist", "{4BBF4C72-6911-8404-ED50-DEFD6E41B763}"
EndProject
Project("{2150E333-8FDC-42A3-9474-1A3956D46DE8}") = "statics", "statics", "{F0FC2900-737C-F720-0E87-5009A848724B}"
EndProject
Project("{2150E333-8FDC-42A3-9474-1A3956D46DE8}") = "assets", "assets", "{F3FD6778-8997-A0EE-55D9-97F938D2A5C0}"
EndProject
Project("{FAE04EC0-301F-11D3-BF4B-00C04F79EFBC}") = "QuenchingModCN", "projects\QuenChing-Mod-Client\dist\statics\assets\quenching\QuenchingModCN.csproj", "{3FA1EF1D-A1C1-897E-BBA4-832E9B0C5C14}"
EndProject
Global
	GlobalSection(SolutionConfigurationPlatforms) = preSolution
		Debug|Any CPU = Debug|Any CPU
		Release|Any CPU = Release|Any CPU
	EndGlobalSection
	GlobalSection(ProjectConfigurationPlatforms) = postSolution
		{78ADAF79-9261-DC63-64ED-89293561AFFE}.Debug|Any CPU.ActiveCfg = Debug|Any CPU
		{78ADAF79-9261-DC63-64ED-89293561AFFE}.Debug|Any CPU.Build.0 = Debug|Any CPU
		{78ADAF79-9261-DC63-64ED-89293561AFFE}.Release|Any CPU.ActiveCfg = Release|Any CPU
		{78ADAF79-9261-DC63-64ED-89293561AFFE}.Release|Any CPU.Build.0 = Release|Any CPU
		{3FA1EF1D-A1C1-897E-BBA4-832E9B0C5C14}.Debug|Any CPU.ActiveCfg = Debug|Any CPU
		{3FA1EF1D-A1C1-897E-BBA4-832E9B0C5C14}.Debug|Any CPU.Build.0 = Debug|Any CPU
		{3FA1EF1D-A1C1-897E-BBA4-832E9B0C5C14}.Release|Any CPU.ActiveCfg = Release|Any CPU
		{3FA1EF1D-A1C1-897E-BBA4-832E9B0C5C14}.Release|Any CPU.Build.0 = Release|Any CPU
	EndGlobalSection
	GlobalSection(SolutionProperties) = preSolution
		HideSolutionNode = FALSE
	EndGlobalSection
	GlobalSection(NestedProjects) = preSolution
		{D4B91280-60A9-00B3-8860-CF941B9BE4A2} = {17245595-230B-9055-A944-863F0DDDA8E8}
		{2C88F85E-6A2F-C2D6-63E2-CEA5DD11A61B} = {D4B91280-60A9-00B3-8860-CF941B9BE4A2}
		{78ADAF79-9261-DC63-64ED-89293561AFFE} = {2C88F85E-6A2F-C2D6-63E2-CEA5DD11A61B}
		{4BBF4C72-6911-8404-ED50-DEFD6E41B763} = {D4B91280-60A9-00B3-8860-CF941B9BE4A2}
		{F0FC2900-737C-F720-0E87-5009A848724B} = {4BBF4C72-6911-8404-ED50-DEFD6E41B763}
		{F3FD6778-8997-A0EE-55D9-97F938D2A5C0} = {F0FC2900-737C-F720-0E87-5009A848724B}
		{3FA1EF1D-A1C1-897E-BBA4-832E9B0C5C14} = {F3FD6778-8997-A0EE-55D9-97F938D2A5C0}
	EndGlobalSection
	GlobalSection(ExtensibilityGlobals) = postSolution
		SolutionGuid = {9EF8460D-A865-474D-9C55-488E50D14BD4}
	EndGlobalSection
EndGlobal
